{
  "version": 4,
  "terraform_version": "1.6.0",
  "serial": 17,
  "lineage": "6795981c-9a80-46be-133d-17db663708e8",
  "outputs": {
    "balancer": {
      "value": "34.90.140.39",
      "type": "string"
    },
    "balancer_ssh": {
      "value": "https://www.googleapis.com/compute/v1/projects/agisit-2324-website-16/zones/europe-west4-b/instances/balancer",
      "type": "string"
    },
    "web_IPs": {
      "value": [
        "web1 = 34.32.197.176",
        "web2 = 34.91.29.97",
        "web3 = 34.90.6.72"
      ],
      "type": [
        "list",
        "string"
      ]
    }
  },
  "resources": [
    {
      "mode": "managed",
      "type": "google_compute_firewall",
      "name": "frontend_rules",
      "provider": "provider[\"registry.terraform.io/hashicorp/google\"]",
      "instances": [
        {
          "schema_version": 1,
          "attributes": {
            "allow": [
              {
                "ports": [
                  "80",
                  "443"
                ],
                "protocol": "tcp"
              }
            ],
            "creation_timestamp": "2023-10-05T05:31:26.450-07:00",
            "deny": [],
            "description": "",
            "destination_ranges": [],
            "direction": "INGRESS",
            "disabled": false,
            "enable_logging": null,
            "id": "projects/agisit-2324-website-16/global/firewalls/frontend",
            "log_config": [],
            "name": "frontend",
            "network": "https://www.googleapis.com/compute/v1/projects/agisit-2324-website-16/global/networks/default",
            "priority": 1000,
            "project": "agisit-2324-website-16",
            "self_link": "https://www.googleapis.com/compute/v1/projects/agisit-2324-website-16/global/firewalls/frontend",
            "source_ranges": [
              "0.0.0.0/0"
            ],
            "source_service_accounts": null,
            "source_tags": null,
            "target_service_accounts": null,
            "target_tags": [
              "balancer"
            ],
            "timeouts": null
          },
          "sensitive_attributes": [],
          "private": "eyJlMmJmYjczMC1lY2FhLTExZTYtOGY4OC0zNDM2M2JjN2M0YzAiOnsiY3JlYXRlIjoxMjAwMDAwMDAwMDAwLCJkZWxldGUiOjEyMDAwMDAwMDAwMDAsInVwZGF0ZSI6MTIwMDAwMDAwMDAwMH0sInNjaGVtYV92ZXJzaW9uIjoiMSJ9"
        }
      ]
    },
    {
      "mode": "managed",
      "type": "google_compute_instance",
      "name": "balancer",
      "provider": "provider[\"registry.terraform.io/hashicorp/google\"]",
      "instances": [
        {
          "schema_version": 6,
          "attributes": {
            "advanced_machine_features": [],
            "allow_stopping_for_update": null,
            "attached_disk": [],
            "boot_disk": [
              {
                "auto_delete": true,
                "device_name": "persistent-disk-0",
                "disk_encryption_key_raw": "",
                "disk_encryption_key_sha256": "",
                "initialize_params": [
                  {
                    "image": "https://www.googleapis.com/compute/v1/projects/ubuntu-os-cloud/global/images/ubuntu-2004-focal-v20230918",
                    "labels": {},
                    "resource_manager_tags": null,
                    "size": 10,
                    "type": "pd-standard"
                  }
                ],
                "kms_key_self_link": "",
                "mode": "READ_WRITE",
                "source": "https://www.googleapis.com/compute/v1/projects/agisit-2324-website-16/zones/europe-west4-b/disks/balancer"
              }
            ],
            "can_ip_forward": false,
            "confidential_instance_config": [],
            "cpu_platform": "Intel Skylake",
            "current_status": "RUNNING",
            "deletion_protection": false,
            "description": "",
            "desired_status": null,
            "effective_labels": {},
            "enable_display": false,
            "guest_accelerator": [],
            "hostname": "",
            "id": "projects/agisit-2324-website-16/zones/europe-west4-b/instances/balancer",
            "instance_id": "6473405897437811312",
            "label_fingerprint": "42WmSpB8rSM=",
            "labels": null,
            "machine_type": "n1-standard-1",
            "metadata": {
              "ssh-keys": "ubuntu:ssh-rsa AAAAB3NzaC1yc2EAAAADAQABAAABgQDdD0X1Bl4xyniHty4byS7+KRpgSitLQIzZ8j6JeYXcooCv49MNz9MWa9dsP4Aa41xmSz/Xk3wwn3KOEXXwWtPvMBGLQId4IFHzLPy8wIbTk1XfkXvGDv4ST7b5ivRQS2sJlRQS4aPFFy/eeRC7JtDiZwePUK2eSf2F9mNlArTqxr8xCpdfdemwxWvbxHHpNMO8Zd/Yr1B/icoljWw0f9mBVuHFqiR6k4Bhjoqv4i8fnmEHe9Ytw7pXTsurLb+IHFilldCG7VPR2q2i7I6RlZ9n9W9khgRS2uzL2O51abJvde4q7L6x+XNIP5DuNogBkpBQ+EUYY7ok4nI5OpmFt9cPyMRW5BWFZ1YH95RprnOfz1bWTKxMPMyu5Uv/X7ARIZIGs37CCNU4e6FMnrGNl4KT2p7zOjo78xygZxedBD2FkHUu9xwLgVedeJpcczW7YwkxKmPDj+DB8wACm9slxPxr+GA7qmKPjmvV4OOdWAwNw1P2oAnrok6Wa1FDGI2jEfM= vagrant@mgmt\n"
            },
            "metadata_fingerprint": "OBdO8C9q9Mc=",
            "metadata_startup_script": null,
            "min_cpu_platform": "",
            "name": "balancer",
            "network_interface": [
              {
                "access_config": [
                  {
                    "nat_ip": "34.90.140.39",
                    "network_tier": "PREMIUM",
                    "public_ptr_domain_name": ""
                  }
                ],
                "alias_ip_range": [],
                "internal_ipv6_prefix_length": 0,
                "ipv6_access_config": [],
                "ipv6_access_type": "",
                "ipv6_address": "",
                "name": "nic0",
                "network": "https://www.googleapis.com/compute/v1/projects/agisit-2324-website-16/global/networks/default",
                "network_ip": "10.164.0.2",
                "nic_type": "",
                "queue_count": 0,
                "stack_type": "IPV4_ONLY",
                "subnetwork": "https://www.googleapis.com/compute/v1/projects/agisit-2324-website-16/regions/europe-west4/subnetworks/default",
                "subnetwork_project": "agisit-2324-website-16"
              }
            ],
            "network_performance_config": [],
            "params": [],
            "project": "agisit-2324-website-16",
            "reservation_affinity": [],
            "resource_policies": null,
            "scheduling": [
              {
                "automatic_restart": true,
                "instance_termination_action": "",
                "local_ssd_recovery_timeout": [],
                "min_node_cpus": 0,
                "node_affinities": [],
                "on_host_maintenance": "MIGRATE",
                "preemptible": false,
                "provisioning_model": "STANDARD"
              }
            ],
            "scratch_disk": [],
            "self_link": "https://www.googleapis.com/compute/v1/projects/agisit-2324-website-16/zones/europe-west4-b/instances/balancer",
            "service_account": [],
            "shielded_instance_config": [
              {
                "enable_integrity_monitoring": true,
                "enable_secure_boot": false,
                "enable_vtpm": true
              }
            ],
            "tags": [
              "balancer"
            ],
            "tags_fingerprint": "7RIB79AHyl4=",
            "terraform_labels": {},
            "timeouts": null,
            "zone": "europe-west4-b"
          },
          "sensitive_attributes": [],
          "private": "eyJlMmJmYjczMC1lY2FhLTExZTYtOGY4OC0zNDM2M2JjN2M0YzAiOnsiY3JlYXRlIjoxMjAwMDAwMDAwMDAwLCJkZWxldGUiOjEyMDAwMDAwMDAwMDAsInVwZGF0ZSI6MTIwMDAwMDAwMDAwMH0sInNjaGVtYV92ZXJzaW9uIjoiNiJ9"
        }
      ]
    },
    {
      "mode": "managed",
      "type": "google_compute_instance",
      "name": "web",
      "provider": "provider[\"registry.terraform.io/hashicorp/google\"]",
      "instances": [
        {
          "index_key": 0,
          "schema_version": 6,
          "attributes": {
            "advanced_machine_features": [],
            "allow_stopping_for_update": null,
            "attached_disk": [],
            "boot_disk": [
              {
                "auto_delete": true,
                "device_name": "persistent-disk-0",
                "disk_encryption_key_raw": "",
                "disk_encryption_key_sha256": "",
                "initialize_params": [
                  {
                    "image": "https://www.googleapis.com/compute/v1/projects/ubuntu-os-cloud/global/images/ubuntu-2004-focal-v20230918",
                    "labels": {},
                    "resource_manager_tags": null,
                    "size": 10,
                    "type": "pd-standard"
                  }
                ],
                "kms_key_self_link": "",
                "mode": "READ_WRITE",
                "source": "https://www.googleapis.com/compute/v1/projects/agisit-2324-website-16/zones/europe-west4-b/disks/web1"
              }
            ],
            "can_ip_forward": false,
            "confidential_instance_config": [],
            "cpu_platform": "Intel Skylake",
            "current_status": "RUNNING",
            "deletion_protection": false,
            "description": "",
            "desired_status": null,
            "effective_labels": {},
            "enable_display": false,
            "guest_accelerator": [],
            "hostname": "",
            "id": "projects/agisit-2324-website-16/zones/europe-west4-b/instances/web1",
            "instance_id": "5232726923799630415",
            "label_fingerprint": "42WmSpB8rSM=",
            "labels": null,
            "machine_type": "n1-standard-1",
            "metadata": {
              "ssh-keys": "ubuntu:ssh-rsa AAAAB3NzaC1yc2EAAAADAQABAAABgQDdD0X1Bl4xyniHty4byS7+KRpgSitLQIzZ8j6JeYXcooCv49MNz9MWa9dsP4Aa41xmSz/Xk3wwn3KOEXXwWtPvMBGLQId4IFHzLPy8wIbTk1XfkXvGDv4ST7b5ivRQS2sJlRQS4aPFFy/eeRC7JtDiZwePUK2eSf2F9mNlArTqxr8xCpdfdemwxWvbxHHpNMO8Zd/Yr1B/icoljWw0f9mBVuHFqiR6k4Bhjoqv4i8fnmEHe9Ytw7pXTsurLb+IHFilldCG7VPR2q2i7I6RlZ9n9W9khgRS2uzL2O51abJvde4q7L6x+XNIP5DuNogBkpBQ+EUYY7ok4nI5OpmFt9cPyMRW5BWFZ1YH95RprnOfz1bWTKxMPMyu5Uv/X7ARIZIGs37CCNU4e6FMnrGNl4KT2p7zOjo78xygZxedBD2FkHUu9xwLgVedeJpcczW7YwkxKmPDj+DB8wACm9slxPxr+GA7qmKPjmvV4OOdWAwNw1P2oAnrok6Wa1FDGI2jEfM= vagrant@mgmt\n"
            },
            "metadata_fingerprint": "OBdO8C9q9Mc=",
            "metadata_startup_script": null,
            "min_cpu_platform": "",
            "name": "web1",
            "network_interface": [
              {
                "access_config": [
                  {
                    "nat_ip": "34.32.197.176",
                    "network_tier": "PREMIUM",
                    "public_ptr_domain_name": ""
                  }
                ],
                "alias_ip_range": [],
                "internal_ipv6_prefix_length": 0,
                "ipv6_access_config": [],
                "ipv6_access_type": "",
                "ipv6_address": "",
                "name": "nic0",
                "network": "https://www.googleapis.com/compute/v1/projects/agisit-2324-website-16/global/networks/default",
                "network_ip": "10.164.0.4",
                "nic_type": "",
                "queue_count": 0,
                "stack_type": "IPV4_ONLY",
                "subnetwork": "https://www.googleapis.com/compute/v1/projects/agisit-2324-website-16/regions/europe-west4/subnetworks/default",
                "subnetwork_project": "agisit-2324-website-16"
              }
            ],
            "network_performance_config": [],
            "params": [],
            "project": "agisit-2324-website-16",
            "reservation_affinity": [],
            "resource_policies": null,
            "scheduling": [
              {
                "automatic_restart": true,
                "instance_termination_action": "",
                "local_ssd_recovery_timeout": [],
                "min_node_cpus": 0,
                "node_affinities": [],
                "on_host_maintenance": "MIGRATE",
                "preemptible": false,
                "provisioning_model": "STANDARD"
              }
            ],
            "scratch_disk": [],
            "self_link": "https://www.googleapis.com/compute/v1/projects/agisit-2324-website-16/zones/europe-west4-b/instances/web1",
            "service_account": [],
            "shielded_instance_config": [
              {
                "enable_integrity_monitoring": true,
                "enable_secure_boot": false,
                "enable_vtpm": true
              }
            ],
            "tags": [
              "web"
            ],
            "tags_fingerprint": "3d9fNIIa_10=",
            "terraform_labels": {},
            "timeouts": null,
            "zone": "europe-west4-b"
          },
          "sensitive_attributes": [],
          "private": "eyJlMmJmYjczMC1lY2FhLTExZTYtOGY4OC0zNDM2M2JjN2M0YzAiOnsiY3JlYXRlIjoxMjAwMDAwMDAwMDAwLCJkZWxldGUiOjEyMDAwMDAwMDAwMDAsInVwZGF0ZSI6MTIwMDAwMDAwMDAwMH0sInNjaGVtYV92ZXJzaW9uIjoiNiJ9"
        },
        {
          "index_key": 1,
          "schema_version": 6,
          "attributes": {
            "advanced_machine_features": [],
            "allow_stopping_for_update": null,
            "attached_disk": [],
            "boot_disk": [
              {
                "auto_delete": true,
                "device_name": "persistent-disk-0",
                "disk_encryption_key_raw": "",
                "disk_encryption_key_sha256": "",
                "initialize_params": [
                  {
                    "image": "https://www.googleapis.com/compute/v1/projects/ubuntu-os-cloud/global/images/ubuntu-2004-focal-v20230918",
                    "labels": {},
                    "resource_manager_tags": null,
                    "size": 10,
                    "type": "pd-standard"
                  }
                ],
                "kms_key_self_link": "",
                "mode": "READ_WRITE",
                "source": "https://www.googleapis.com/compute/v1/projects/agisit-2324-website-16/zones/europe-west4-b/disks/web2"
              }
            ],
            "can_ip_forward": false,
            "confidential_instance_config": [],
            "cpu_platform": "Intel Skylake",
            "current_status": "RUNNING",
            "deletion_protection": false,
            "description": "",
            "desired_status": null,
            "effective_labels": {},
            "enable_display": false,
            "guest_accelerator": [],
            "hostname": "",
            "id": "projects/agisit-2324-website-16/zones/europe-west4-b/instances/web2",
            "instance_id": "6518127214342640207",
            "label_fingerprint": "42WmSpB8rSM=",
            "labels": null,
            "machine_type": "n1-standard-1",
            "metadata": {
              "ssh-keys": "ubuntu:ssh-rsa AAAAB3NzaC1yc2EAAAADAQABAAABgQDdD0X1Bl4xyniHty4byS7+KRpgSitLQIzZ8j6JeYXcooCv49MNz9MWa9dsP4Aa41xmSz/Xk3wwn3KOEXXwWtPvMBGLQId4IFHzLPy8wIbTk1XfkXvGDv4ST7b5ivRQS2sJlRQS4aPFFy/eeRC7JtDiZwePUK2eSf2F9mNlArTqxr8xCpdfdemwxWvbxHHpNMO8Zd/Yr1B/icoljWw0f9mBVuHFqiR6k4Bhjoqv4i8fnmEHe9Ytw7pXTsurLb+IHFilldCG7VPR2q2i7I6RlZ9n9W9khgRS2uzL2O51abJvde4q7L6x+XNIP5DuNogBkpBQ+EUYY7ok4nI5OpmFt9cPyMRW5BWFZ1YH95RprnOfz1bWTKxMPMyu5Uv/X7ARIZIGs37CCNU4e6FMnrGNl4KT2p7zOjo78xygZxedBD2FkHUu9xwLgVedeJpcczW7YwkxKmPDj+DB8wACm9slxPxr+GA7qmKPjmvV4OOdWAwNw1P2oAnrok6Wa1FDGI2jEfM= vagrant@mgmt\n"
            },
            "metadata_fingerprint": "OBdO8C9q9Mc=",
            "metadata_startup_script": null,
            "min_cpu_platform": "",
            "name": "web2",
            "network_interface": [
              {
                "access_config": [
                  {
                    "nat_ip": "34.91.29.97",
                    "network_tier": "PREMIUM",
                    "public_ptr_domain_name": ""
                  }
                ],
                "alias_ip_range": [],
                "internal_ipv6_prefix_length": 0,
                "ipv6_access_config": [],
                "ipv6_access_type": "",
                "ipv6_address": "",
                "name": "nic0",
                "network": "https://www.googleapis.com/compute/v1/projects/agisit-2324-website-16/global/networks/default",
                "network_ip": "10.164.0.5",
                "nic_type": "",
                "queue_count": 0,
                "stack_type": "IPV4_ONLY",
                "subnetwork": "https://www.googleapis.com/compute/v1/projects/agisit-2324-website-16/regions/europe-west4/subnetworks/default",
                "subnetwork_project": "agisit-2324-website-16"
              }
            ],
            "network_performance_config": [],
            "params": [],
            "project": "agisit-2324-website-16",
            "reservation_affinity": [],
            "resource_policies": null,
            "scheduling": [
              {
                "automatic_restart": true,
                "instance_termination_action": "",
                "local_ssd_recovery_timeout": [],
                "min_node_cpus": 0,
                "node_affinities": [],
                "on_host_maintenance": "MIGRATE",
                "preemptible": false,
                "provisioning_model": "STANDARD"
              }
            ],
            "scratch_disk": [],
            "self_link": "https://www.googleapis.com/compute/v1/projects/agisit-2324-website-16/zones/europe-west4-b/instances/web2",
            "service_account": [],
            "shielded_instance_config": [
              {
                "enable_integrity_monitoring": true,
                "enable_secure_boot": false,
                "enable_vtpm": true
              }
            ],
            "tags": [
              "web"
            ],
            "tags_fingerprint": "3d9fNIIa_10=",
            "terraform_labels": {},
            "timeouts": null,
            "zone": "europe-west4-b"
          },
          "sensitive_attributes": [],
          "private": "eyJlMmJmYjczMC1lY2FhLTExZTYtOGY4OC0zNDM2M2JjN2M0YzAiOnsiY3JlYXRlIjoxMjAwMDAwMDAwMDAwLCJkZWxldGUiOjEyMDAwMDAwMDAwMDAsInVwZGF0ZSI6MTIwMDAwMDAwMDAwMH0sInNjaGVtYV92ZXJzaW9uIjoiNiJ9"
        },
        {
          "index_key": 2,
          "schema_version": 6,
          "attributes": {
            "advanced_machine_features": [],
            "allow_stopping_for_update": null,
            "attached_disk": [],
            "boot_disk": [
              {
                "auto_delete": true,
                "device_name": "persistent-disk-0",
                "disk_encryption_key_raw": "",
                "disk_encryption_key_sha256": "",
                "initialize_params": [
                  {
                    "image": "https://www.googleapis.com/compute/v1/projects/ubuntu-os-cloud/global/images/ubuntu-2004-focal-v20230918",
                    "labels": {},
                    "resource_manager_tags": null,
                    "size": 10,
                    "type": "pd-standard"
                  }
                ],
                "kms_key_self_link": "",
                "mode": "READ_WRITE",
                "source": "https://www.googleapis.com/compute/v1/projects/agisit-2324-website-16/zones/europe-west4-b/disks/web3"
              }
            ],
            "can_ip_forward": false,
            "confidential_instance_config": [],
            "cpu_platform": "Intel Skylake",
            "current_status": "RUNNING",
            "deletion_protection": false,
            "description": "",
            "desired_status": null,
            "effective_labels": {},
            "enable_display": false,
            "guest_accelerator": [],
            "hostname": "",
            "id": "projects/agisit-2324-website-16/zones/europe-west4-b/instances/web3",
            "instance_id": "3865289111475786319",
            "label_fingerprint": "42WmSpB8rSM=",
            "labels": null,
            "machine_type": "n1-standard-1",
            "metadata": {
              "ssh-keys": "ubuntu:ssh-rsa AAAAB3NzaC1yc2EAAAADAQABAAABgQDdD0X1Bl4xyniHty4byS7+KRpgSitLQIzZ8j6JeYXcooCv49MNz9MWa9dsP4Aa41xmSz/Xk3wwn3KOEXXwWtPvMBGLQId4IFHzLPy8wIbTk1XfkXvGDv4ST7b5ivRQS2sJlRQS4aPFFy/eeRC7JtDiZwePUK2eSf2F9mNlArTqxr8xCpdfdemwxWvbxHHpNMO8Zd/Yr1B/icoljWw0f9mBVuHFqiR6k4Bhjoqv4i8fnmEHe9Ytw7pXTsurLb+IHFilldCG7VPR2q2i7I6RlZ9n9W9khgRS2uzL2O51abJvde4q7L6x+XNIP5DuNogBkpBQ+EUYY7ok4nI5OpmFt9cPyMRW5BWFZ1YH95RprnOfz1bWTKxMPMyu5Uv/X7ARIZIGs37CCNU4e6FMnrGNl4KT2p7zOjo78xygZxedBD2FkHUu9xwLgVedeJpcczW7YwkxKmPDj+DB8wACm9slxPxr+GA7qmKPjmvV4OOdWAwNw1P2oAnrok6Wa1FDGI2jEfM= vagrant@mgmt\n"
            },
            "metadata_fingerprint": "OBdO8C9q9Mc=",
            "metadata_startup_script": null,
            "min_cpu_platform": "",
            "name": "web3",
            "network_interface": [
              {
                "access_config": [
                  {
                    "nat_ip": "34.90.6.72",
                    "network_tier": "PREMIUM",
                    "public_ptr_domain_name": ""
                  }
                ],
                "alias_ip_range": [],
                "internal_ipv6_prefix_length": 0,
                "ipv6_access_config": [],
                "ipv6_access_type": "",
                "ipv6_address": "",
                "name": "nic0",
                "network": "https://www.googleapis.com/compute/v1/projects/agisit-2324-website-16/global/networks/default",
                "network_ip": "10.164.0.3",
                "nic_type": "",
                "queue_count": 0,
                "stack_type": "IPV4_ONLY",
                "subnetwork": "https://www.googleapis.com/compute/v1/projects/agisit-2324-website-16/regions/europe-west4/subnetworks/default",
                "subnetwork_project": "agisit-2324-website-16"
              }
            ],
            "network_performance_config": [],
            "params": [],
            "project": "agisit-2324-website-16",
            "reservation_affinity": [],
            "resource_policies": null,
            "scheduling": [
              {
                "automatic_restart": true,
                "instance_termination_action": "",
                "local_ssd_recovery_timeout": [],
                "min_node_cpus": 0,
                "node_affinities": [],
                "on_host_maintenance": "MIGRATE",
                "preemptible": false,
                "provisioning_model": "STANDARD"
              }
            ],
            "scratch_disk": [],
            "self_link": "https://www.googleapis.com/compute/v1/projects/agisit-2324-website-16/zones/europe-west4-b/instances/web3",
            "service_account": [],
            "shielded_instance_config": [
              {
                "enable_integrity_monitoring": true,
                "enable_secure_boot": false,
                "enable_vtpm": true
              }
            ],
            "tags": [
              "web"
            ],
            "tags_fingerprint": "3d9fNIIa_10=",
            "terraform_labels": {},
            "timeouts": null,
            "zone": "europe-west4-b"
          },
          "sensitive_attributes": [],
          "private": "eyJlMmJmYjczMC1lY2FhLTExZTYtOGY4OC0zNDM2M2JjN2M0YzAiOnsiY3JlYXRlIjoxMjAwMDAwMDAwMDAwLCJkZWxldGUiOjEyMDAwMDAwMDAwMDAsInVwZGF0ZSI6MTIwMDAwMDAwMDAwMH0sInNjaGVtYV92ZXJzaW9uIjoiNiJ9"
        }
      ]
    }
  ],
  "check_results": null
}
